
Microsoft Visual Studio Solution File, Format Version 12.00
# Visual Studio Version 17
VisualStudioVersion = 17.3.32819.101
MinimumVisualStudioVersion = 10.0.40219.1
Project("{FAE04EC0-301F-11D3-BF4B-00C04F79EFBC}") = "Project 1", "Project 1\Project 1.csproj", "{27308FA0-7FB0-4BC6-8469-945CBFD2944E}"
EndProject
Global
	GlobalSection(SolutionConfigurationPlatforms) = preSolution
		Debug|Any CPU = Debug|Any CPU
		Release|Any CPU = Release|Any CPU
	EndGlobalSection
	GlobalSection(ProjectConfigurationPlatforms) = postSolution
		{27308FA0-7FB0-4BC6-8469-945CBFD2944E}.Debug|Any CPU.ActiveCfg = Debug|Any CPU
		{27308FA0-7FB0-4BC6-8469-945CBFD2944E}.Debug|Any CPU.Build.0 = Debug|Any CPU
		{27308FA0-7FB0-4BC6-8469-945CBFD2944E}.Release|Any CPU.ActiveCfg = Release|Any CPU
		{27308FA0-7FB0-4BC6-8469-945CBFD2944E}.Release|Any CPU.Build.0 = Release|Any CPU
	EndGlobalSection
	GlobalSection(SolutionProperties) = preSolution
		HideSolutionNode = FALSE
	EndGlobalSection
	GlobalSection(ExtensibilityGlobals) = postSolution
		SolutionGuid = {3FB54F1D-9AFF-4E50-BF33-DCCE4B36402F}
	EndGlobalSection
EndGlobal
